<?xml version="1.0" encoding="utf-8"?>
<Project ToolsVersion="4.0" xmlns="http://schemas.microsoft.com/developer/msbuild/2003">
  <ItemGroup>
    <ClCompile Include="..\monte\adjust.cpp">
      <Filter>Source Files</Filter>
    </ClCompile>
    <ClCompile Include="..\monte\adjust12.cpp">
      <Filter>Source Files</Filter>
    </ClCompile>
    <ClCompile Include="xllinet.cpp">
      <Filter>Source Files</Filter>
    </ClCompile>
    <ClCompile Include="xlljson.cpp">
      <Filter>Source Files</Filter>
    </ClCompile>
    <ClCompile Include="xllfile.cpp">
      <Filter>Source Files</Filter>
    </ClCompile>
    <ClCompile Include="xllcsv.cpp">
      <Filter>Source Files</Filter>
    </ClCompile>
    <ClCompile Include="xllstr.cpp">
      <Filter>Source Files</Filter>
    </ClCompile>
    <ClCompile Include="xllquandl.cpp">
      <Filter>Source Files</Filter>
    </ClCompile>
  </ItemGroup>
  <ItemGroup>
    <ClInclude Include="xllinet.h">
      <Filter>Header Files</Filter>
    </ClInclude>
    <ClInclude Include="xlljson.h">
      <Filter>Header Files</Filter>
    </ClInclude>
    <ClInclude Include="xllcsv.h">
      <Filter>Header Files</Filter>
    </ClInclude>
  </ItemGroup>
  <ItemGroup>
    <Filter Include="Header Files">
      <UniqueIdentifier>{1862bcb7-4653-4b10-854b-dbbc2e119f44}</UniqueIdentifier>
    </Filter>
    <Filter Include="Source Files">
      <UniqueIdentifier>{378d8db2-b81a-45c8-9ffa-fafc6166adcb}</UniqueIdentifier>
    </Filter>
  </ItemGroup>
</Project>